
Microsoft Visual Studio Solution File, Format Version 12.00
# Visual Studio 2013
VisualStudioVersion = 12.0.30501.0
MinimumVisualStudioVersion = 10.0.40219.1
Project("{FAE04EC0-301F-11D3-BF4B-00C04F79EFBC}") = "OpenRoads", "OpenRoads\OpenRoads.csproj", "{890344E7-4FA3-4AA7-915A-D923DD4A546E}"
	ProjectSection(ProjectDependencies) = postProject
		{08BAE2E0-368A-482C-9F3E-41DA2359F99A} = {08BAE2E0-368A-482C-9F3E-41DA2359F99A}
	EndProjectSection
EndProject
Project("{FAE04EC0-301F-11D3-BF4B-00C04F79EFBC}") = "OpenRoadsLib", "OpenRoadsLib\OpenRoadsLib.csproj", "{08BAE2E0-368A-482C-9F3E-41DA2359F99A}"
EndProject
Project("{8BC9CEB8-8B4A-11D0-8D11-00A0C91BC942}") = "ExeRunner", "ExeRunner\ExeRunner.vcxproj", "{C51D7B88-B3A9-4A12-ADC6-7D208489430D}"
EndProject
Global
	GlobalSection(SolutionConfigurationPlatforms) = preSolution
		Debug|Any CPU = Debug|Any CPU
		Debug|Mixed Platforms = Debug|Mixed Platforms
		Debug|Win32 = Debug|Win32
		Release Classic|Any CPU = Release Classic|Any CPU
		Release Classic|Mixed Platforms = Release Classic|Mixed Platforms
		Release Classic|Win32 = Release Classic|Win32
		Release XMas|Any CPU = Release XMas|Any CPU
		Release XMas|Mixed Platforms = Release XMas|Mixed Platforms
		Release XMas|Win32 = Release XMas|Win32
		Release|Any CPU = Release|Any CPU
		Release|Mixed Platforms = Release|Mixed Platforms
		Release|Win32 = Release|Win32
	EndGlobalSection
	GlobalSection(ProjectConfigurationPlatforms) = postSolution
		{890344E7-4FA3-4AA7-915A-D923DD4A546E}.Debug|Any CPU.ActiveCfg = Debug|Any CPU
		{890344E7-4FA3-4AA7-915A-D923DD4A546E}.Debug|Any CPU.Build.0 = Debug|Any CPU
		{890344E7-4FA3-4AA7-915A-D923DD4A546E}.Debug|Mixed Platforms.ActiveCfg = Debug|Any CPU
		{890344E7-4FA3-4AA7-915A-D923DD4A546E}.Debug|Mixed Platforms.Build.0 = Debug|Any CPU
		{890344E7-4FA3-4AA7-915A-D923DD4A546E}.Debug|Win32.ActiveCfg = Debug|Any CPU
		{890344E7-4FA3-4AA7-915A-D923DD4A546E}.Release Classic|Any CPU.ActiveCfg = Release|Any CPU
		{890344E7-4FA3-4AA7-915A-D923DD4A546E}.Release Classic|Any CPU.Build.0 = Release|Any CPU
		{890344E7-4FA3-4AA7-915A-D923DD4A546E}.Release Classic|Mixed Platforms.ActiveCfg = Release|Any CPU
		{890344E7-4FA3-4AA7-915A-D923DD4A546E}.Release Classic|Mixed Platforms.Build.0 = Release|Any CPU
		{890344E7-4FA3-4AA7-915A-D923DD4A546E}.Release Classic|Win32.ActiveCfg = Release|Any CPU
		{890344E7-4FA3-4AA7-915A-D923DD4A546E}.Release XMas|Any CPU.ActiveCfg = Release|Any CPU
		{890344E7-4FA3-4AA7-915A-D923DD4A546E}.Release XMas|Any CPU.Build.0 = Release|Any CPU
		{890344E7-4FA3-4AA7-915A-D923DD4A546E}.Release XMas|Mixed Platforms.ActiveCfg = Release|Any CPU
		{890344E7-4FA3-4AA7-915A-D923DD4A546E}.Release XMas|Mixed Platforms.Build.0 = Release|Any CPU
		{890344E7-4FA3-4AA7-915A-D923DD4A546E}.Release XMas|Win32.ActiveCfg = Release|Any CPU
		{890344E7-4FA3-4AA7-915A-D923DD4A546E}.Release|Any CPU.ActiveCfg = Release|Any CPU
		{890344E7-4FA3-4AA7-915A-D923DD4A546E}.Release|Any CPU.Build.0 = Release|Any CPU
		{890344E7-4FA3-4AA7-915A-D923DD4A546E}.Release|Mixed Platforms.ActiveCfg = Release|Any CPU
		{890344E7-4FA3-4AA7-915A-D923DD4A546E}.Release|Mixed Platforms.Build.0 = Release|Any CPU
		{890344E7-4FA3-4AA7-915A-D923DD4A546E}.Release|Win32.ActiveCfg = Release|Any CPU
		{08BAE2E0-368A-482C-9F3E-41DA2359F99A}.Debug|Any CPU.ActiveCfg = Debug|Any CPU
		{08BAE2E0-368A-482C-9F3E-41DA2359F99A}.Debug|Any CPU.Build.0 = Debug|Any CPU
		{08BAE2E0-368A-482C-9F3E-41DA2359F99A}.Debug|Mixed Platforms.ActiveCfg = Debug|Any CPU
		{08BAE2E0-368A-482C-9F3E-41DA2359F99A}.Debug|Mixed Platforms.Build.0 = Debug|Any CPU
		{08BAE2E0-368A-482C-9F3E-41DA2359F99A}.Debug|Win32.ActiveCfg = Debug|Any CPU
		{08BAE2E0-368A-482C-9F3E-41DA2359F99A}.Release Classic|Any CPU.ActiveCfg = Release|Any CPU
		{08BAE2E0-368A-482C-9F3E-41DA2359F99A}.Release Classic|Any CPU.Build.0 = Release|Any CPU
		{08BAE2E0-368A-482C-9F3E-41DA2359F99A}.Release Classic|Mixed Platforms.ActiveCfg = Release|Any CPU
		{08BAE2E0-368A-482C-9F3E-41DA2359F99A}.Release Classic|Mixed Platforms.Build.0 = Release|Any CPU
		{08BAE2E0-368A-482C-9F3E-41DA2359F99A}.Release Classic|Win32.ActiveCfg = Release|Any CPU
		{08BAE2E0-368A-482C-9F3E-41DA2359F99A}.Release XMas|Any CPU.ActiveCfg = Release|Any CPU
		{08BAE2E0-368A-482C-9F3E-41DA2359F99A}.Release XMas|Any CPU.Build.0 = Release|Any CPU
		{08BAE2E0-368A-482C-9F3E-41DA2359F99A}.Release XMas|Mixed Platforms.ActiveCfg = Release|Any CPU
		{08BAE2E0-368A-482C-9F3E-41DA2359F99A}.Release XMas|Mixed Platforms.Build.0 = Release|Any CPU
		{08BAE2E0-368A-482C-9F3E-41DA2359F99A}.Release XMas|Win32.ActiveCfg = Release|Any CPU
		{08BAE2E0-368A-482C-9F3E-41DA2359F99A}.Release|Any CPU.ActiveCfg = Release|Any CPU
		{08BAE2E0-368A-482C-9F3E-41DA2359F99A}.Release|Any CPU.Build.0 = Release|Any CPU
		{08BAE2E0-368A-482C-9F3E-41DA2359F99A}.Release|Mixed Platforms.ActiveCfg = Release|Any CPU
		{08BAE2E0-368A-482C-9F3E-41DA2359F99A}.Release|Mixed Platforms.Build.0 = Release|Any CPU
		{08BAE2E0-368A-482C-9F3E-41DA2359F99A}.Release|Win32.ActiveCfg = Release|Any CPU
		{C51D7B88-B3A9-4A12-ADC6-7D208489430D}.Debug|Any CPU.ActiveCfg = Debug|Win32
		{C51D7B88-B3A9-4A12-ADC6-7D208489430D}.Debug|Mixed Platforms.ActiveCfg = Release Classic|Win32
		{C51D7B88-B3A9-4A12-ADC6-7D208489430D}.Debug|Mixed Platforms.Build.0 = Release Classic|Win32
		{C51D7B88-B3A9-4A12-ADC6-7D208489430D}.Debug|Win32.ActiveCfg = Debug|Win32
		{C51D7B88-B3A9-4A12-ADC6-7D208489430D}.Debug|Win32.Build.0 = Debug|Win32
		{C51D7B88-B3A9-4A12-ADC6-7D208489430D}.Release Classic|Any CPU.ActiveCfg = Release Classic|Win32
		{C51D7B88-B3A9-4A12-ADC6-7D208489430D}.Release Classic|Mixed Platforms.ActiveCfg = Release Classic|Win32
		{C51D7B88-B3A9-4A12-ADC6-7D208489430D}.Release Classic|Mixed Platforms.Build.0 = Release Classic|Win32
		{C51D7B88-B3A9-4A12-ADC6-7D208489430D}.Release Classic|Win32.ActiveCfg = Release Classic|Win32
		{C51D7B88-B3A9-4A12-ADC6-7D208489430D}.Release Classic|Win32.Build.0 = Release Classic|Win32
		{C51D7B88-B3A9-4A12-ADC6-7D208489430D}.Release XMas|Any CPU.ActiveCfg = Release XMas|Win32
		{C51D7B88-B3A9-4A12-ADC6-7D208489430D}.Release XMas|Mixed Platforms.ActiveCfg = Release XMas|Win32
		{C51D7B88-B3A9-4A12-ADC6-7D208489430D}.Release XMas|Mixed Platforms.Build.0 = Release XMas|Win32
		{C51D7B88-B3A9-4A12-ADC6-7D208489430D}.Release XMas|Win32.ActiveCfg = Release XMas|Win32
		{C51D7B88-B3A9-4A12-ADC6-7D208489430D}.Release XMas|Win32.Build.0 = Release XMas|Win32
		{C51D7B88-B3A9-4A12-ADC6-7D208489430D}.Release|Any CPU.ActiveCfg = Release|Win32
		{C51D7B88-B3A9-4A12-ADC6-7D208489430D}.Release|Mixed Platforms.ActiveCfg = Release|Win32
		{C51D7B88-B3A9-4A12-ADC6-7D208489430D}.Release|Mixed Platforms.Build.0 = Release|Win32
		{C51D7B88-B3A9-4A12-ADC6-7D208489430D}.Release|Win32.ActiveCfg = Release|Win32
		{C51D7B88-B3A9-4A12-ADC6-7D208489430D}.Release|Win32.Build.0 = Release|Win32
	EndGlobalSection
	GlobalSection(SolutionProperties) = preSolution
		HideSolutionNode = FALSE
	EndGlobalSection
EndGlobal
