
Microsoft Visual Studio Solution File, Format Version 12.00
# Visual Studio 2013
VisualStudioVersion = 12.0.30501.0
MinimumVisualStudioVersion = 10.0.40219.1
Project("{FAE04EC0-301F-11D3-BF4B-00C04F79EFBC}") = "OpenRoads", "OpenRoads\OpenRoads.csproj", "{890344E7-4FA3-4AA7-915A-D923DD4A546E}"
	ProjectSection(ProjectDependencies) = postProject
		{08BAE2E0-368A-482C-9F3E-41DA2359F99A} = {08BAE2E0-368A-482C-9F3E-41DA2359F99A}
	EndProjectSection
EndProject
Project("{FAE04EC0-301F-11D3-BF4B-00C04F79EFBC}") = "OpenRoadsLib", "OpenRoadsLib\OpenRoadsLib.csproj", "{08BAE2E0-368A-482C-9F3E-41DA2359F99A}"
EndProject
Global
	GlobalSection(SolutionConfigurationPlatforms) = preSolution
		Debug|Any CPU = Debug|Any CPU
		Release|Any CPU = Release|Any CPU
	EndGlobalSection
	GlobalSection(ProjectConfigurationPlatforms) = postSolution
		{890344E7-4FA3-4AA7-915A-D923DD4A546E}.Debug|Any CPU.ActiveCfg = Debug|Any CPU
		{890344E7-4FA3-4AA7-915A-D923DD4A546E}.Debug|Any CPU.Build.0 = Debug|Any CPU
		{890344E7-4FA3-4AA7-915A-D923DD4A546E}.Release|Any CPU.ActiveCfg = Release|Any CPU
		{890344E7-4FA3-4AA7-915A-D923DD4A546E}.Release|Any CPU.Build.0 = Release|Any CPU
		{08BAE2E0-368A-482C-9F3E-41DA2359F99A}.Debug|Any CPU.ActiveCfg = Debug|Any CPU
		{08BAE2E0-368A-482C-9F3E-41DA2359F99A}.Debug|Any CPU.Build.0 = Debug|Any CPU
		{08BAE2E0-368A-482C-9F3E-41DA2359F99A}.Release|Any CPU.ActiveCfg = Release|Any CPU
		{08BAE2E0-368A-482C-9F3E-41DA2359F99A}.Release|Any CPU.Build.0 = Release|Any CPU
	EndGlobalSection
	GlobalSection(SolutionProperties) = preSolution
		HideSolutionNode = FALSE
	EndGlobalSection
EndGlobal
